
Microsoft Visual Studio Solution File, Format Version 12.00
# Visual Studio Version 17
VisualStudioVersion = 17.11.35312.102
MinimumVisualStudioVersion = 10.0.40219.1
Project("{FAE04EC0-301F-11D3-BF4B-00C04F79EFBC}") = "BlazorApp4", "BlazorApp4.csproj", "{ED98D4E9-2818-48F7-A56D-3D9553D18A09}"
EndProject
Global
	GlobalSection(SolutionConfigurationPlatforms) = preSolution
		Debug|Any CPU = Debug|Any CPU
		Release|Any CPU = Release|Any CPU
	EndGlobalSection
	GlobalSection(ProjectConfigurationPlatforms) = postSolution
		{ED98D4E9-2818-48F7-A56D-3D9553D18A09}.Debug|Any CPU.ActiveCfg = Debug|Any CPU
		{ED98D4E9-2818-48F7-A56D-3D9553D18A09}.Debug|Any CPU.Build.0 = Debug|Any CPU
		{ED98D4E9-2818-48F7-A56D-3D9553D18A09}.Release|Any CPU.ActiveCfg = Release|Any CPU
		{ED98D4E9-2818-48F7-A56D-3D9553D18A09}.Release|Any CPU.Build.0 = Release|Any CPU
	EndGlobalSection
	GlobalSection(SolutionProperties) = preSolution
		HideSolutionNode = FALSE
	EndGlobalSection
	GlobalSection(ExtensibilityGlobals) = postSolution
		SolutionGuid = {63EE854A-D0E1-4577-8E5C-C7FFA846DFA0}
	EndGlobalSection
EndGlobal
